{
  "requires": true,
  "lockfileVersion": 1,
  "dependencies": {
    "canvas-to-blob": {
      "version": "1.0.0",
      "resolved": "https://registry.npmjs.org/canvas-to-blob/-/canvas-to-blob-1.0.0.tgz",
      "integrity": "sha512-JE4NJNbtYyOAKQ2zxU1Umsk7m131MhYIVsyg0U+9Qxa/oVlOEtShNgKoVeWh+scsOoWW7VavbBCPjcRSo8h1JQ=="
    }
  }
}
